
Microsoft Visual Studio Solution File, Format Version 12.00
# Visual Studio Version 16
VisualStudioVersion = 16.0.29613.14
MinimumVisualStudioVersion = 10.0.40219.1
Project("{FAE04EC0-301F-11D3-BF4B-00C04F79EFBC}") = "loggingnblog", "loggingnblog.csproj", "{35BA569B-EB61-4012-B798-CF8689A35A04}"
	ProjectSection(ProjectDependencies) = postProject
		{63046E9B-7113-4241-9C22-9D2FA9B60964} = {63046E9B-7113-4241-9C22-9D2FA9B60964}
	EndProjectSection
EndProject
Project("{FAE04EC0-301F-11D3-BF4B-00C04F79EFBC}") = "loggingnblogDataLayer", "..\loggingnblogDataLayer\loggingnblogDataLayer.csproj", "{63046E9B-7113-4241-9C22-9D2FA9B60964}"
EndProject
Global
	GlobalSection(SolutionConfigurationPlatforms) = preSolution
		Debug|Any CPU = Debug|Any CPU
		Release|Any CPU = Release|Any CPU
	EndGlobalSection
	GlobalSection(ProjectConfigurationPlatforms) = postSolution
		{35BA569B-EB61-4012-B798-CF8689A35A04}.Debug|Any CPU.ActiveCfg = Debug|Any CPU
		{35BA569B-EB61-4012-B798-CF8689A35A04}.Debug|Any CPU.Build.0 = Debug|Any CPU
		{35BA569B-EB61-4012-B798-CF8689A35A04}.Release|Any CPU.ActiveCfg = Release|Any CPU
		{35BA569B-EB61-4012-B798-CF8689A35A04}.Release|Any CPU.Build.0 = Release|Any CPU
		{63046E9B-7113-4241-9C22-9D2FA9B60964}.Debug|Any CPU.ActiveCfg = Debug|Any CPU
		{63046E9B-7113-4241-9C22-9D2FA9B60964}.Debug|Any CPU.Build.0 = Debug|Any CPU
		{63046E9B-7113-4241-9C22-9D2FA9B60964}.Release|Any CPU.ActiveCfg = Release|Any CPU
		{63046E9B-7113-4241-9C22-9D2FA9B60964}.Release|Any CPU.Build.0 = Release|Any CPU
	EndGlobalSection
	GlobalSection(SolutionProperties) = preSolution
		HideSolutionNode = FALSE
	EndGlobalSection
	GlobalSection(ExtensibilityGlobals) = postSolution
		SolutionGuid = {B07E83AF-16AB-49FC-B6ED-8440F757820A}
	EndGlobalSection
EndGlobal
